
Microsoft Visual Studio Solution File, Format Version 12.00
# Visual Studio Version 17
VisualStudioVersion = 17.9.34728.123
MinimumVisualStudioVersion = 10.0.40219.1
Project("{FAE04EC0-301F-11D3-BF4B-00C04F79EFBC}") = "개인과제", "개인과제\개인과제.csproj", "{542F2433-D710-4D30-BEA6-CA198B814253}"
EndProject
Global
	GlobalSection(SolutionConfigurationPlatforms) = preSolution
		Debug|Any CPU = Debug|Any CPU
		Release|Any CPU = Release|Any CPU
	EndGlobalSection
	GlobalSection(ProjectConfigurationPlatforms) = postSolution
		{542F2433-D710-4D30-BEA6-CA198B814253}.Debug|Any CPU.ActiveCfg = Debug|Any CPU
		{542F2433-D710-4D30-BEA6-CA198B814253}.Debug|Any CPU.Build.0 = Debug|Any CPU
		{542F2433-D710-4D30-BEA6-CA198B814253}.Release|Any CPU.ActiveCfg = Release|Any CPU
		{542F2433-D710-4D30-BEA6-CA198B814253}.Release|Any CPU.Build.0 = Release|Any CPU
	EndGlobalSection
	GlobalSection(SolutionProperties) = preSolution
		HideSolutionNode = FALSE
	EndGlobalSection
	GlobalSection(ExtensibilityGlobals) = postSolution
		SolutionGuid = {5009468C-635F-4AE2-9D94-2D33A5A79C1D}
	EndGlobalSection
EndGlobal
